{
    "_readme": [
        "This file locks the dependencies of your project to a known state",
        "Read more about it at https://getcomposer.org/doc/01-basic-usage.md#composer-lock-the-lock-file",
        "This file is @generated automatically"
    ],
    "hash": "1b21137861fce2759bc912a3c00aefd7",
    "packages": [
        {
            "name": "mindweb/collector",
            "version": "dev-master",
            "source": {
                "type": "git",
                "url": "https://github.com/mindwebpl/collector.git",
                "reference": "c0208dd027b82f274d882ae058b1cea03b1e7f66"
            },
            "dist": {
                "type": "zip",
                "url": "https://api.github.com/repos/mindwebpl/collector/zipball/c0208dd027b82f274d882ae058b1cea03b1e7f66",
                "reference": "c0208dd027b82f274d882ae058b1cea03b1e7f66",
                "shasum": ""
            },
            "require": {
                "mindweb/forwarder": "dev-master",
                "mindweb/modifier": "dev-master"
            },
            "type": "library",
            "autoload": {
                "psr-0": {
                    "Mindweb\\Collector\\": "src"
                }
            },
            "notification-url": "https://packagist.org/downloads/",
            "license": [
                "MIT"
            ],
            "authors": [
                {
                    "name": "Marcin Czołnowski",
                    "email": "marcin@czolnowski.net"
                }
            ],
            "time": "2015-04-19 17:14:23"
        },
        {
            "name": "mindweb/forwarder",
            "version": "dev-master",
            "source": {
                "type": "git",
                "url": "https://github.com/mindwebpl/forwarder.git",
                "reference": "b4dcfae5eb25053b8dbc973e71a10ca143129c25"
            },
            "dist": {
                "type": "zip",
                "url": "https://api.github.com/repos/mindwebpl/forwarder/zipball/b4dcfae5eb25053b8dbc973e71a10ca143129c25",
                "reference": "b4dcfae5eb25053b8dbc973e71a10ca143129c25",
                "shasum": ""
            },
            "type": "library",
            "autoload": {
                "psr-0": {
                    "Mindweb\\Forwarder\\": "src"
                }
            },
            "notification-url": "https://packagist.org/downloads/",
            "license": [
                "MIT"
            ],
            "authors": [
                {
                    "name": "Marcin Czołnowski",
                    "email": "marcin@czolnowski.net"
                }
            ],
            "time": "2015-04-19 21:25:52"
        },
        {
            "name": "mindweb/modifier",
            "version": "dev-master",
            "source": {
                "type": "git",
                "url": "https://github.com/mindwebpl/modifier.git",
                "reference": "1c2f21dcedb35b06222c5015a4860d39f55b3b07"
            },
            "dist": {
                "type": "zip",
                "url": "https://api.github.com/repos/mindwebpl/modifier/zipball/1c2f21dcedb35b06222c5015a4860d39f55b3b07",
                "reference": "1c2f21dcedb35b06222c5015a4860d39f55b3b07",
                "shasum": ""
            },
            "type": "library",
            "autoload": {
                "psr-0": {
                    "Mindweb\\Modifier\\": "src"
                }
            },
            "notification-url": "https://packagist.org/downloads/",
            "license": [
                "MIT"
            ],
            "authors": [
                {
                    "name": "Marcin Czołnowski",
                    "email": "marcin@czolnowski.net"
                }
            ],
            "time": "2015-04-19 16:09:45"
        },
        {
            "name": "videlalvaro/php-amqplib",
            "version": "v2.1.0",
            "source": {
                "type": "git",
                "url": "https://github.com/videlalvaro/php-amqplib.git",
                "reference": "adc2a425ab214517a5e76557a9370bdc6f212576"
            },
            "dist": {
                "type": "zip",
                "url": "https://api.github.com/repos/videlalvaro/php-amqplib/zipball/adc2a425ab214517a5e76557a9370bdc6f212576",
                "reference": "adc2a425ab214517a5e76557a9370bdc6f212576",
                "shasum": ""
            },
            "require": {
                "ext-bcmath": "*",
                "php": ">=5.3.0"
            },
            "type": "library",
            "autoload": {
                "psr-0": {
                    "PhpAmqpLib": ""
                }
            },
            "notification-url": "https://packagist.org/downloads/",
            "license": [
                "LGPL-2.1"
            ],
            "authors": [
                {
                    "name": "Alvaro Videla"
                }
            ],
            "description": "This library is a pure PHP implementation of the AMQP protocol. It's been tested against RabbitMQ.",
            "homepage": "https://github.com/videlalvaro/php-amqplib/",
            "keywords": [
                "message",
                "queue",
                "rabbitmq"
            ],
            "time": "2013-06-17 19:25:27"
        }
    ],
    "packages-dev": [],
    "aliases": [],
    "minimum-stability": "stable",
    "stability-flags": {
        "mindweb/modifier": 20,
        "mindweb/forwarder": 20,
        "mindweb/collector": 20
    },
    "prefer-stable": false,
    "prefer-lowest": false,
    "platform": [],
    "platform-dev": []
}
